// !$*UTF8*$!
{
	archiveVersion = 1;
	classes = {
	};
	objectVersion = 48;
	objects = {

/* Begin PBXBuildFile section */
		3BE3C47D59BD99D1CBFF7095 /* Pods_GreenLightCollective.framework in Frameworks */ = {isa = PBXBuildFile; fileRef = 1252D829BCCAD6334C6AF79E /* Pods_GreenLightCollective.framework */; };
		BE322C5E20066A2400FE0BFE /* CheckPictureController.swift in Sources */ = {isa = PBXBuildFile; fileRef = BE322C5D20066A2400FE0BFE /* CheckPictureController.swift */; };
		BEB0B6B1200268B700539A45 /* CredentialsViewController.swift in Sources */ = {isa = PBXBuildFile; fileRef = BEB0B6B0200268B700539A45 /* CredentialsViewController.swift */; };
		BED1A3BD1FF9518D006CA57B /* AppDelegate.swift in Sources */ = {isa = PBXBuildFile; fileRef = BED1A3BC1FF9518D006CA57B /* AppDelegate.swift */; };
		BED1A3BF1FF9518D006CA57B /* LoginController.swift in Sources */ = {isa = PBXBuildFile; fileRef = BED1A3BE1FF9518D006CA57B /* LoginController.swift */; };
		BED1A3C21FF9518D006CA57B /* Main.storyboard in Resources */ = {isa = PBXBuildFile; fileRef = BED1A3C01FF9518D006CA57B /* Main.storyboard */; };
		BED1A3C41FF9518D006CA57B /* Assets.xcassets in Resources */ = {isa = PBXBuildFile; fileRef = BED1A3C31FF9518D006CA57B /* Assets.xcassets */; };
		BED1A3C71FF9518D006CA57B /* LaunchScreen.storyboard in Resources */ = {isa = PBXBuildFile; fileRef = BED1A3C51FF9518D006CA57B /* LaunchScreen.storyboard */; };
		BED1A3D21FF9518E006CA57B /* GreenLightCollectiveTests.swift in Sources */ = {isa = PBXBuildFile; fileRef = BED1A3D11FF9518E006CA57B /* GreenLightCollectiveTests.swift */; };
		BEF2C16D200E6360008AE323 /* UploadViewController.swift in Sources */ = {isa = PBXBuildFile; fileRef = BEF2C16C200E6360008AE323 /* UploadViewController.swift */; };
/* End PBXBuildFile section */

/* Begin PBXContainerItemProxy section */
		BED1A3CE1FF9518E006CA57B /* PBXContainerItemProxy */ = {
			isa = PBXContainerItemProxy;
			containerPortal = BED1A3B11FF9518D006CA57B /* Project object */;
			proxyType = 1;
			remoteGlobalIDString = BED1A3B81FF9518D006CA57B;
			remoteInfo = GreenLightCollective;
		};
/* End PBXContainerItemProxy section */

/* Begin PBXFileReference section */
		1252D829BCCAD6334C6AF79E /* Pods_GreenLightCollective.framework */ = {isa = PBXFileReference; explicitFileType = wrapper.framework; includeInIndex = 0; path = Pods_GreenLightCollective.framework; sourceTree = BUILT_PRODUCTS_DIR; };
		673991AD9218E343CEC7834B /* Pods-GreenLightCollective.release.xcconfig */ = {isa = PBXFileReference; includeInIndex = 1; lastKnownFileType = text.xcconfig; name = "Pods-GreenLightCollective.release.xcconfig"; path = "Pods/Target Support Files/Pods-GreenLightCollective/Pods-GreenLightCollective.release.xcconfig"; sourceTree = "<group>"; };
		7A8DC4289066FCBB0B74DE54 /* Pods-GreenLightCollective.debug.xcconfig */ = {isa = PBXFileReference; includeInIndex = 1; lastKnownFileType = text.xcconfig; name = "Pods-GreenLightCollective.debug.xcconfig"; path = "Pods/Target Support Files/Pods-GreenLightCollective/Pods-GreenLightCollective.debug.xcconfig"; sourceTree = "<group>"; };
		BE322C5D20066A2400FE0BFE /* CheckPictureController.swift */ = {isa = PBXFileReference; lastKnownFileType = sourcecode.swift; path = CheckPictureController.swift; sourceTree = "<group>"; };
		BEB0B6B0200268B700539A45 /* CredentialsViewController.swift */ = {isa = PBXFileReference; lastKnownFileType = sourcecode.swift; path = CredentialsViewController.swift; sourceTree = "<group>"; };
		BED1A3B91FF9518D006CA57B /* GreenLightCollective.app */ = {isa = PBXFileReference; explicitFileType = wrapper.application; includeInIndex = 0; path = GreenLightCollective.app; sourceTree = BUILT_PRODUCTS_DIR; };
		BED1A3BC1FF9518D006CA57B /* AppDelegate.swift */ = {isa = PBXFileReference; lastKnownFileType = sourcecode.swift; path = AppDelegate.swift; sourceTree = "<group>"; };
		BED1A3BE1FF9518D006CA57B /* LoginController.swift */ = {isa = PBXFileReference; lastKnownFileType = sourcecode.swift; path = LoginController.swift; sourceTree = "<group>"; };
		BED1A3C11FF9518D006CA57B /* Base */ = {isa = PBXFileReference; lastKnownFileType = file.storyboard; name = Base; path = Base.lproj/Main.storyboard; sourceTree = "<group>"; };
		BED1A3C31FF9518D006CA57B /* Assets.xcassets */ = {isa = PBXFileReference; lastKnownFileType = folder.assetcatalog; path = Assets.xcassets; sourceTree = "<group>"; };
		BED1A3C61FF9518D006CA57B /* Base */ = {isa = PBXFileReference; lastKnownFileType = file.storyboard; name = Base; path = Base.lproj/LaunchScreen.storyboard; sourceTree = "<group>"; };
		BED1A3C81FF9518D006CA57B /* Info.plist */ = {isa = PBXFileReference; lastKnownFileType = text.plist.xml; path = Info.plist; sourceTree = "<group>"; };
		BED1A3CD1FF9518E006CA57B /* GreenLightCollectiveTests.xctest */ = {isa = PBXFileReference; explicitFileType = wrapper.cfbundle; includeInIndex = 0; path = GreenLightCollectiveTests.xctest; sourceTree = BUILT_PRODUCTS_DIR; };
		BED1A3D11FF9518E006CA57B /* GreenLightCollectiveTests.swift */ = {isa = PBXFileReference; lastKnownFileType = sourcecode.swift; path = GreenLightCollectiveTests.swift; sourceTree = "<group>"; };
		BED1A3D31FF9518E006CA57B /* Info.plist */ = {isa = PBXFileReference; lastKnownFileType = text.plist.xml; path = Info.plist; sourceTree = "<group>"; };
		BEF2C16C200E6360008AE323 /* UploadViewController.swift */ = {isa = PBXFileReference; lastKnownFileType = sourcecode.swift; path = UploadViewController.swift; sourceTree = "<group>"; };
/* End PBXFileReference section */

/* Begin PBXFrameworksBuildPhase section */
		BED1A3B61FF9518D006CA57B /* Frameworks */ = {
			isa = PBXFrameworksBuildPhase;
			buildActionMask = 2147483647;
			files = (
				3BE3C47D59BD99D1CBFF7095 /* Pods_GreenLightCollective.framework in Frameworks */,
			);
			runOnlyForDeploymentPostprocessing = 0;
		};
		BED1A3CA1FF9518E006CA57B /* Frameworks */ = {
			isa = PBXFrameworksBuildPhase;
			buildActionMask = 2147483647;
			files = (
			);
			runOnlyForDeploymentPostprocessing = 0;
		};
/* End PBXFrameworksBuildPhase section */

/* Begin PBXGroup section */
		153349C7625313A82AF62748 /* Pods */ = {
			isa = PBXGroup;
			children = (
				7A8DC4289066FCBB0B74DE54 /* Pods-GreenLightCollective.debug.xcconfig */,
				673991AD9218E343CEC7834B /* Pods-GreenLightCollective.release.xcconfig */,
			);
			name = Pods;
			sourceTree = "<group>";
		};
		BED1A3B01FF9518D006CA57B = {
			isa = PBXGroup;
			children = (
				BED1A3BB1FF9518D006CA57B /* GreenLightCollective */,
				BED1A3D01FF9518E006CA57B /* GreenLightCollectiveTests */,
				BED1A3BA1FF9518D006CA57B /* Products */,
				153349C7625313A82AF62748 /* Pods */,
				D30559871F7D0A3F34C12313 /* Frameworks */,
			);
			sourceTree = "<group>";
		};
		BED1A3BA1FF9518D006CA57B /* Products */ = {
			isa = PBXGroup;
			children = (
				BED1A3B91FF9518D006CA57B /* GreenLightCollective.app */,
				BED1A3CD1FF9518E006CA57B /* GreenLightCollectiveTests.xctest */,
			);
			name = Products;
			sourceTree = "<group>";
		};
		BED1A3BB1FF9518D006CA57B /* GreenLightCollective */ = {
			isa = PBXGroup;
			children = (
				BED1A3BC1FF9518D006CA57B /* AppDelegate.swift */,
				BE322C5D20066A2400FE0BFE /* CheckPictureController.swift */,
				BED1A3BE1FF9518D006CA57B /* LoginController.swift */,
				BEB0B6B0200268B700539A45 /* CredentialsViewController.swift */,
				BED1A3C01FF9518D006CA57B /* Main.storyboard */,
				BED1A3C31FF9518D006CA57B /* Assets.xcassets */,
				BED1A3C51FF9518D006CA57B /* LaunchScreen.storyboard */,
				BED1A3C81FF9518D006CA57B /* Info.plist */,
				BEF2C16C200E6360008AE323 /* UploadViewController.swift */,
			);
			path = GreenLightCollective;
			sourceTree = "<group>";
		};
		BED1A3D01FF9518E006CA57B /* GreenLightCollectiveTests */ = {
			isa = PBXGroup;
			children = (
				BED1A3D11FF9518E006CA57B /* GreenLightCollectiveTests.swift */,
				BED1A3D31FF9518E006CA57B /* Info.plist */,
			);
			path = GreenLightCollectiveTests;
			sourceTree = "<group>";
		};
		D30559871F7D0A3F34C12313 /* Frameworks */ = {
			isa = PBXGroup;
			children = (
				1252D829BCCAD6334C6AF79E /* Pods_GreenLightCollective.framework */,
			);
			name = Frameworks;
			sourceTree = "<group>";
		};
/* End PBXGroup section */

/* Begin PBXNativeTarget section */
		BED1A3B81FF9518D006CA57B /* GreenLightCollective */ = {
			isa = PBXNativeTarget;
			buildConfigurationList = BED1A3D61FF9518E006CA57B /* Build configuration list for PBXNativeTarget "GreenLightCollective" */;
			buildPhases = (
				D4AFEAB607522E2AF871F796 /* [CP] Check Pods Manifest.lock */,
				BED1A3B51FF9518D006CA57B /* Sources */,
				BED1A3B61FF9518D006CA57B /* Frameworks */,
				BED1A3B71FF9518D006CA57B /* Resources */,
				8BC77E6E94C6657936B245A1 /* [CP] Embed Pods Frameworks */,
				17C5F72CC2FE3F1B86175CA9 /* [CP] Copy Pods Resources */,
			);
			buildRules = (
			);
			dependencies = (
			);
			name = GreenLightCollective;
			productName = GreenLightCollective;
			productReference = BED1A3B91FF9518D006CA57B /* GreenLightCollective.app */;
			productType = "com.apple.product-type.application";
		};
		BED1A3CC1FF9518E006CA57B /* GreenLightCollectiveTests */ = {
			isa = PBXNativeTarget;
			buildConfigurationList = BED1A3D91FF9518E006CA57B /* Build configuration list for PBXNativeTarget "GreenLightCollectiveTests" */;
			buildPhases = (
				BED1A3C91FF9518E006CA57B /* Sources */,
				BED1A3CA1FF9518E006CA57B /* Frameworks */,
				BED1A3CB1FF9518E006CA57B /* Resources */,
			);
			buildRules = (
			);
			dependencies = (
				BED1A3CF1FF9518E006CA57B /* PBXTargetDependency */,
			);
			name = GreenLightCollectiveTests;
			productName = GreenLightCollectiveTests;
			productReference = BED1A3CD1FF9518E006CA57B /* GreenLightCollectiveTests.xctest */;
			productType = "com.apple.product-type.bundle.unit-test";
		};
/* End PBXNativeTarget section */

/* Begin PBXProject section */
		BED1A3B11FF9518D006CA57B /* Project object */ = {
			isa = PBXProject;
			attributes = {
				LastSwiftUpdateCheck = 0920;
				LastUpgradeCheck = 0920;
				ORGANIZATIONNAME = "Scott Neagle";
				TargetAttributes = {
					BED1A3B81FF9518D006CA57B = {
						CreatedOnToolsVersion = 9.2;
						ProvisioningStyle = Automatic;
					};
					BED1A3CC1FF9518E006CA57B = {
						CreatedOnToolsVersion = 9.2;
						ProvisioningStyle = Automatic;
						TestTargetID = BED1A3B81FF9518D006CA57B;
					};
				};
			};
			buildConfigurationList = BED1A3B41FF9518D006CA57B /* Build configuration list for PBXProject "GreenLightCollective" */;
			compatibilityVersion = "Xcode 8.0";
			developmentRegion = en;
			hasScannedForEncodings = 0;
			knownRegions = (
				en,
				Base,
			);
			mainGroup = BED1A3B01FF9518D006CA57B;
			productRefGroup = BED1A3BA1FF9518D006CA57B /* Products */;
			projectDirPath = "";
			projectRoot = "";
			targets = (
				BED1A3B81FF9518D006CA57B /* GreenLightCollective */,
				BED1A3CC1FF9518E006CA57B /* GreenLightCollectiveTests */,
			);
		};
/* End PBXProject section */

/* Begin PBXResourcesBuildPhase section */
		BED1A3B71FF9518D006CA57B /* Resources */ = {
			isa = PBXResourcesBuildPhase;
			buildActionMask = 2147483647;
			files = (
				BED1A3C71FF9518D006CA57B /* LaunchScreen.storyboard in Resources */,
				BED1A3C41FF9518D006CA57B /* Assets.xcassets in Resources */,
				BED1A3C21FF9518D006CA57B /* Main.storyboard in Resources */,
			);
			runOnlyForDeploymentPostprocessing = 0;
		};
		BED1A3CB1FF9518E006CA57B /* Resources */ = {
			isa = PBXResourcesBuildPhase;
			buildActionMask = 2147483647;
			files = (
			);
			runOnlyForDeploymentPostprocessing = 0;
		};
/* End PBXResourcesBuildPhase section */

/* Begin PBXShellScriptBuildPhase section */
		17C5F72CC2FE3F1B86175CA9 /* [CP] Copy Pods Resources */ = {
			isa = PBXShellScriptBuildPhase;
			buildActionMask = 2147483647;
			files = (
			);
			inputPaths = (
			);
			name = "[CP] Copy Pods Resources";
			outputPaths = (
			);
			runOnlyForDeploymentPostprocessing = 0;
			shellPath = /bin/sh;
			shellScript = "\"${SRCROOT}/Pods/Target Support Files/Pods-GreenLightCollective/Pods-GreenLightCollective-resources.sh\"\n";
			showEnvVarsInLog = 0;
		};
		8BC77E6E94C6657936B245A1 /* [CP] Embed Pods Frameworks */ = {
			isa = PBXShellScriptBuildPhase;
			buildActionMask = 2147483647;
			files = (
			);
			inputPaths = (
				"${SRCROOT}/Pods/Target Support Files/Pods-GreenLightCollective/Pods-GreenLightCollective-frameworks.sh",
				"${BUILT_PRODUCTS_DIR}/Alamofire/Alamofire.framework",
			);
			name = "[CP] Embed Pods Frameworks";
			outputPaths = (
				"${TARGET_BUILD_DIR}/${FRAMEWORKS_FOLDER_PATH}/Alamofire.framework",
			);
			runOnlyForDeploymentPostprocessing = 0;
			shellPath = /bin/sh;
			shellScript = "\"${SRCROOT}/Pods/Target Support Files/Pods-GreenLightCollective/Pods-GreenLightCollective-frameworks.sh\"\n";
			showEnvVarsInLog = 0;
		};
		D4AFEAB607522E2AF871F796 /* [CP] Check Pods Manifest.lock */ = {
			isa = PBXShellScriptBuildPhase;
			buildActionMask = 2147483647;
			files = (
			);
			inputPaths = (
				"${PODS_PODFILE_DIR_PATH}/Podfile.lock",
				"${PODS_ROOT}/Manifest.lock",
			);
			name = "[CP] Check Pods Manifest.lock";
			outputPaths = (
				"$(DERIVED_FILE_DIR)/Pods-GreenLightCollective-checkManifestLockResult.txt",
			);
			runOnlyForDeploymentPostprocessing = 0;
			shellPath = /bin/sh;
			shellScript = "diff \"${PODS_PODFILE_DIR_PATH}/Podfile.lock\" \"${PODS_ROOT}/Manifest.lock\" > /dev/null\nif [ $? != 0 ] ; then\n    # print error to STDERR\n    echo \"error: The sandbox is not in sync with the Podfile.lock. Run 'pod install' or update your CocoaPods installation.\" >&2\n    exit 1\nfi\n# This output is used by Xcode 'outputs' to avoid re-running this script phase.\necho \"SUCCESS\" > \"${SCRIPT_OUTPUT_FILE_0}\"\n";
			showEnvVarsInLog = 0;
		};
/* End PBXShellScriptBuildPhase section */

/* Begin PBXSourcesBuildPhase section */
		BED1A3B51FF9518D006CA57B /* Sources */ = {
			isa = PBXSourcesBuildPhase;
			buildActionMask = 2147483647;
			files = (
				BED1A3BF1FF9518D006CA57B /* LoginController.swift in Sources */,
				BEF2C16D200E6360008AE323 /* UploadViewController.swift in Sources */,
				BEB0B6B1200268B700539A45 /* CredentialsViewController.swift in Sources */,
				BE322C5E20066A2400FE0BFE /* CheckPictureController.swift in Sources */,
				BED1A3BD1FF9518D006CA57B /* AppDelegate.swift in Sources */,
			);
			runOnlyForDeploymentPostprocessing = 0;
		};
		BED1A3C91FF9518E006CA57B /* Sources */ = {
			isa = PBXSourcesBuildPhase;
			buildActionMask = 2147483647;
			files = (
				BED1A3D21FF9518E006CA57B /* GreenLightCollectiveTests.swift in Sources */,
			);
			runOnlyForDeploymentPostprocessing = 0;
		};
/* End PBXSourcesBuildPhase section */

/* Begin PBXTargetDependency section */
		BED1A3CF1FF9518E006CA57B /* PBXTargetDependency */ = {
			isa = PBXTargetDependency;
			target = BED1A3B81FF9518D006CA57B /* GreenLightCollective */;
			targetProxy = BED1A3CE1FF9518E006CA57B /* PBXContainerItemProxy */;
		};
/* End PBXTargetDependency section */

/* Begin PBXVariantGroup section */
		BED1A3C01FF9518D006CA57B /* Main.storyboard */ = {
			isa = PBXVariantGroup;
			children = (
				BED1A3C11FF9518D006CA57B /* Base */,
			);
			name = Main.storyboard;
			sourceTree = "<group>";
		};
		BED1A3C51FF9518D006CA57B /* LaunchScreen.storyboard */ = {
			isa = PBXVariantGroup;
			children = (
				BED1A3C61FF9518D006CA57B /* Base */,
			);
			name = LaunchScreen.storyboard;
			sourceTree = "<group>";
		};
/* End PBXVariantGroup section */

/* Begin XCBuildConfiguration section */
		BED1A3D41FF9518E006CA57B /* Debug */ = {
			isa = XCBuildConfiguration;
			buildSettings = {
				ALWAYS_SEARCH_USER_PATHS = NO;
				CLANG_ANALYZER_NONNULL = YES;
				CLANG_ANALYZER_NUMBER_OBJECT_CONVERSION = YES_AGGRESSIVE;
				CLANG_CXX_LANGUAGE_STANDARD = "gnu++14";
				CLANG_CXX_LIBRARY = "libc++";
				CLANG_ENABLE_MODULES = YES;
				CLANG_ENABLE_OBJC_ARC = YES;
				CLANG_WARN_BLOCK_CAPTURE_AUTORELEASING = YES;
				CLANG_WARN_BOOL_CONVERSION = YES;
				CLANG_WARN_COMMA = YES;
				CLANG_WARN_CONSTANT_CONVERSION = YES;
				CLANG_WARN_DIRECT_OBJC_ISA_USAGE = YES_ERROR;
				CLANG_WARN_DOCUMENTATION_COMMENTS = YES;
				CLANG_WARN_EMPTY_BODY = YES;
				CLANG_WARN_ENUM_CONVERSION = YES;
				CLANG_WARN_INFINITE_RECURSION = YES;
				CLANG_WARN_INT_CONVERSION = YES;
				CLANG_WARN_NON_LITERAL_NULL_CONVERSION = YES;
				CLANG_WARN_OBJC_LITERAL_CONVERSION = YES;
				CLANG_WARN_OBJC_ROOT_CLASS = YES_ERROR;
				CLANG_WARN_RANGE_LOOP_ANALYSIS = YES;
				CLANG_WARN_STRICT_PROTOTYPES = YES;
				CLANG_WARN_SUSPICIOUS_MOVE = YES;
				CLANG_WARN_UNGUARDED_AVAILABILITY = YES_AGGRESSIVE;
				CLANG_WARN_UNREACHABLE_CODE = YES;
				CLANG_WARN__DUPLICATE_METHOD_MATCH = YES;
				CODE_SIGN_IDENTITY = "iPhone Developer";
				COPY_PHASE_STRIP = NO;
				DEBUG_INFORMATION_FORMAT = dwarf;
				ENABLE_STRICT_OBJC_MSGSEND = YES;
				ENABLE_TESTABILITY = YES;
				GCC_C_LANGUAGE_STANDARD = gnu11;
				GCC_DYNAMIC_NO_PIC = NO;
				GCC_NO_COMMON_BLOCKS = YES;
				GCC_OPTIMIZATION_LEVEL = 0;
				GCC_PREPROCESSOR_DEFINITIONS = (
					"DEBUG=1",
					"$(inherited)",
				);
				GCC_WARN_64_TO_32_BIT_CONVERSION = YES;
				GCC_WARN_ABOUT_RETURN_TYPE = YES_ERROR;
				GCC_WARN_UNDECLARED_SELECTOR = YES;
				GCC_WARN_UNINITIALIZED_AUTOS = YES_AGGRESSIVE;
				GCC_WARN_UNUSED_FUNCTION = YES;
				GCC_WARN_UNUSED_VARIABLE = YES;
				IPHONEOS_DEPLOYMENT_TARGET = 11.2;
				MTL_ENABLE_DEBUG_INFO = YES;
				ONLY_ACTIVE_ARCH = YES;
				SDKROOT = iphoneos;
				SWIFT_ACTIVE_COMPILATION_CONDITIONS = DEBUG;
				SWIFT_OPTIMIZATION_LEVEL = "-Onone";
			};
			name = Debug;
		};
		BED1A3D51FF9518E006CA57B /* Release */ = {
			isa = XCBuildConfiguration;
			buildSettings = {
				ALWAYS_SEARCH_USER_PATHS = NO;
				CLANG_ANALYZER_NONNULL = YES;
				CLANG_ANALYZER_NUMBER_OBJECT_CONVERSION = YES_AGGRESSIVE;
				CLANG_CXX_LANGUAGE_STANDARD = "gnu++14";
				CLANG_CXX_LIBRARY = "libc++";
				CLANG_ENABLE_MODULES = YES;
				CLANG_ENABLE_OBJC_ARC = YES;
				CLANG_WARN_BLOCK_CAPTURE_AUTORELEASING = YES;
				CLANG_WARN_BOOL_CONVERSION = YES;
				CLANG_WARN_COMMA = YES;
				CLANG_WARN_CONSTANT_CONVERSION = YES;
				CLANG_WARN_DIRECT_OBJC_ISA_USAGE = YES_ERROR;
				CLANG_WARN_DOCUMENTATION_COMMENTS = YES;
				CLANG_WARN_EMPTY_BODY = YES;
				CLANG_WARN_ENUM_CONVERSION = YES;
				CLANG_WARN_INFINITE_RECURSION = YES;
				CLANG_WARN_INT_CONVERSION = YES;
				CLANG_WARN_NON_LITERAL_NULL_CONVERSION = YES;
				CLANG_WARN_OBJC_LITERAL_CONVERSION = YES;
				CLANG_WARN_OBJC_ROOT_CLASS = YES_ERROR;
				CLANG_WARN_RANGE_LOOP_ANALYSIS = YES;
				CLANG_WARN_STRICT_PROTOTYPES = YES;
				CLANG_WARN_SUSPICIOUS_MOVE = YES;
				CLANG_WARN_UNGUARDED_AVAILABILITY = YES_AGGRESSIVE;
				CLANG_WARN_UNREACHABLE_CODE = YES;
				CLANG_WARN__DUPLICATE_METHOD_MATCH = YES;
				CODE_SIGN_IDENTITY = "iPhone Developer";
				COPY_PHASE_STRIP = NO;
				DEBUG_INFORMATION_FORMAT = "dwarf-with-dsym";
				ENABLE_NS_ASSERTIONS = NO;
				ENABLE_STRICT_OBJC_MSGSEND = YES;
				GCC_C_LANGUAGE_STANDARD = gnu11;
				GCC_NO_COMMON_BLOCKS = YES;
				GCC_WARN_64_TO_32_BIT_CONVERSION = YES;
				GCC_WARN_ABOUT_RETURN_TYPE = YES_ERROR;
				GCC_WARN_UNDECLARED_SELECTOR = YES;
				GCC_WARN_UNINITIALIZED_AUTOS = YES_AGGRESSIVE;
				GCC_WARN_UNUSED_FUNCTION = YES;
				GCC_WARN_UNUSED_VARIABLE = YES;
				IPHONEOS_DEPLOYMENT_TARGET = 11.2;
				MTL_ENABLE_DEBUG_INFO = NO;
				SDKROOT = iphoneos;
				SWIFT_OPTIMIZATION_LEVEL = "-Owholemodule";
				VALIDATE_PRODUCT = YES;
			};
			name = Release;
		};
		BED1A3D71FF9518E006CA57B /* Debug */ = {
			isa = XCBuildConfiguration;
			baseConfigurationReference = 7A8DC4289066FCBB0B74DE54 /* Pods-GreenLightCollective.debug.xcconfig */;
			buildSettings = {
				ASSETCATALOG_COMPILER_APPICON_NAME = AppIcon;
				CODE_SIGN_STYLE = Automatic;
				INFOPLIST_FILE = GreenLightCollective/Info.plist;
				LD_RUNPATH_SEARCH_PATHS = "$(inherited) @executable_path/Frameworks";
				PRODUCT_BUNDLE_IDENTIFIER = com.greenlight.GreenLightCollective;
				PRODUCT_NAME = "$(TARGET_NAME)";
				SWIFT_VERSION = 4.0;
				TARGETED_DEVICE_FAMILY = "1,2";
			};
			name = Debug;
		};
		BED1A3D81FF9518E006CA57B /* Release */ = {
			isa = XCBuildConfiguration;
			baseConfigurationReference = 673991AD9218E343CEC7834B /* Pods-GreenLightCollective.release.xcconfig */;
			buildSettings = {
				ASSETCATALOG_COMPILER_APPICON_NAME = AppIcon;
				CODE_SIGN_STYLE = Automatic;
				INFOPLIST_FILE = GreenLightCollective/Info.plist;
				LD_RUNPATH_SEARCH_PATHS = "$(inherited) @executable_path/Frameworks";
				PRODUCT_BUNDLE_IDENTIFIER = com.greenlight.GreenLightCollective;
				PRODUCT_NAME = "$(TARGET_NAME)";
				SWIFT_VERSION = 4.0;
				TARGETED_DEVICE_FAMILY = "1,2";
			};
			name = Release;
		};
		BED1A3DA1FF9518E006CA57B /* Debug */ = {
			isa = XCBuildConfiguration;
			buildSettings = {
				ALWAYS_EMBED_SWIFT_STANDARD_LIBRARIES = YES;
				BUNDLE_LOADER = "$(TEST_HOST)";
				CODE_SIGN_STYLE = Automatic;
				INFOPLIST_FILE = GreenLightCollectiveTests/Info.plist;
				LD_RUNPATH_SEARCH_PATHS = "$(inherited) @executable_path/Frameworks @loader_path/Frameworks";
				PRODUCT_BUNDLE_IDENTIFIER = com.greenlight.GreenLightCollectiveTests;
				PRODUCT_NAME = "$(TARGET_NAME)";
				SWIFT_VERSION = 4.0;
				TARGETED_DEVICE_FAMILY = "1,2";
				TEST_HOST = "$(BUILT_PRODUCTS_DIR)/GreenLightCollective.app/GreenLightCollective";
			};
			name = Debug;
		};
		BED1A3DB1FF9518E006CA57B /* Release */ = {
			isa = XCBuildConfiguration;
			buildSettings = {
				ALWAYS_EMBED_SWIFT_STANDARD_LIBRARIES = YES;
				BUNDLE_LOADER = "$(TEST_HOST)";
				CODE_SIGN_STYLE = Automatic;
				INFOPLIST_FILE = GreenLightCollectiveTests/Info.plist;
				LD_RUNPATH_SEARCH_PATHS = "$(inherited) @executable_path/Frameworks @loader_path/Frameworks";
				PRODUCT_BUNDLE_IDENTIFIER = com.greenlight.GreenLightCollectiveTests;
				PRODUCT_NAME = "$(TARGET_NAME)";
				SWIFT_VERSION = 4.0;
				TARGETED_DEVICE_FAMILY = "1,2";
				TEST_HOST = "$(BUILT_PRODUCTS_DIR)/GreenLightCollective.app/GreenLightCollective";
			};
			name = Release;
		};
/* End XCBuildConfiguration section */

/* Begin XCConfigurationList section */
		BED1A3B41FF9518D006CA57B /* Build configuration list for PBXProject "GreenLightCollective" */ = {
			isa = XCConfigurationList;
			buildConfigurations = (
				BED1A3D41FF9518E006CA57B /* Debug */,
				BED1A3D51FF9518E006CA57B /* Release */,
			);
			defaultConfigurationIsVisible = 0;
			defaultConfigurationName = Release;
		};
		BED1A3D61FF9518E006CA57B /* Build configuration list for PBXNativeTarget "GreenLightCollective" */ = {
			isa = XCConfigurationList;
			buildConfigurations = (
				BED1A3D71FF9518E006CA57B /* Debug */,
				BED1A3D81FF9518E006CA57B /* Release */,
			);
			defaultConfigurationIsVisible = 0;
			defaultConfigurationName = Release;
		};
		BED1A3D91FF9518E006CA57B /* Build configuration list for PBXNativeTarget "GreenLightCollectiveTests" */ = {
			isa = XCConfigurationList;
			buildConfigurations = (
				BED1A3DA1FF9518E006CA57B /* Debug */,
				BED1A3DB1FF9518E006CA57B /* Release */,
			);
			defaultConfigurationIsVisible = 0;
			defaultConfigurationName = Release;
		};
/* End XCConfigurationList section */
	};
	rootObject = BED1A3B11FF9518D006CA57B /* Project object */;
}
